
Microsoft Visual Studio Solution File, Format Version 12.00
# Visual Studio Version 17
VisualStudioVersion = 17.7.34031.279
MinimumVisualStudioVersion = 10.0.40219.1
Project("{FAE04EC0-301F-11D3-BF4B-00C04F79EFBC}") = "up2", "up2\up2.csproj", "{983E5015-FE1F-41DD-9B76-2E0B3BBDC316}"
EndProject
Global
	GlobalSection(SolutionConfigurationPlatforms) = preSolution
		Debug|Any CPU = Debug|Any CPU
		Release|Any CPU = Release|Any CPU
	EndGlobalSection
	GlobalSection(ProjectConfigurationPlatforms) = postSolution
		{983E5015-FE1F-41DD-9B76-2E0B3BBDC316}.Debug|Any CPU.ActiveCfg = Debug|Any CPU
		{983E5015-FE1F-41DD-9B76-2E0B3BBDC316}.Debug|Any CPU.Build.0 = Debug|Any CPU
		{983E5015-FE1F-41DD-9B76-2E0B3BBDC316}.Release|Any CPU.ActiveCfg = Release|Any CPU
		{983E5015-FE1F-41DD-9B76-2E0B3BBDC316}.Release|Any CPU.Build.0 = Release|Any CPU
	EndGlobalSection
	GlobalSection(SolutionProperties) = preSolution
		HideSolutionNode = FALSE
	EndGlobalSection
	GlobalSection(ExtensibilityGlobals) = postSolution
		SolutionGuid = {87F35266-4B89-42BC-9E80-D8D202869AE4}
	EndGlobalSection
EndGlobal
